
Microsoft Visual Studio Solution File, Format Version 12.00
# Visual Studio 15
VisualStudioVersion = 15.0.33026.149
MinimumVisualStudioVersion = 10.0.40219.1
Project("{8BC9CEB8-8B4A-11D0-8D11-00A0C91BC942}") = "dxva_gles", "dxva_gles.vcxproj", "{24DB6205-5888-4161-8F76-B286371B73E8}"
EndProject
Project("{8BC9CEB8-8B4A-11D0-8D11-00A0C91BC942}") = "gles-proc", "..\gles-proc\gles-proc.vcxproj", "{76C89E68-D08E-411E-9392-B37A123E9930}"
EndProject
Project("{8BC9CEB8-8B4A-11D0-8D11-00A0C91BC942}") = "color-temp", "..\color-temp\color-temp.vcxproj", "{160FECF0-0720-4A7D-8E3C-6C0301CFE95D}"
EndProject
Global
	GlobalSection(SolutionConfigurationPlatforms) = preSolution
		Debug|x64 = Debug|x64
		Debug|x86 = Debug|x86
		Release|x64 = Release|x64
		Release|x86 = Release|x86
	EndGlobalSection
	GlobalSection(ProjectConfigurationPlatforms) = postSolution
		{24DB6205-5888-4161-8F76-B286371B73E8}.Debug|x64.ActiveCfg = Debug|x64
		{24DB6205-5888-4161-8F76-B286371B73E8}.Debug|x64.Build.0 = Debug|x64
		{24DB6205-5888-4161-8F76-B286371B73E8}.Debug|x86.ActiveCfg = Debug|Win32
		{24DB6205-5888-4161-8F76-B286371B73E8}.Debug|x86.Build.0 = Debug|Win32
		{24DB6205-5888-4161-8F76-B286371B73E8}.Release|x64.ActiveCfg = Release|x64
		{24DB6205-5888-4161-8F76-B286371B73E8}.Release|x64.Build.0 = Release|x64
		{24DB6205-5888-4161-8F76-B286371B73E8}.Release|x86.ActiveCfg = Release|Win32
		{24DB6205-5888-4161-8F76-B286371B73E8}.Release|x86.Build.0 = Release|Win32
		{76C89E68-D08E-411E-9392-B37A123E9930}.Debug|x64.ActiveCfg = Debug|x64
		{76C89E68-D08E-411E-9392-B37A123E9930}.Debug|x64.Build.0 = Debug|x64
		{76C89E68-D08E-411E-9392-B37A123E9930}.Debug|x86.ActiveCfg = Debug|Win32
		{76C89E68-D08E-411E-9392-B37A123E9930}.Debug|x86.Build.0 = Debug|Win32
		{76C89E68-D08E-411E-9392-B37A123E9930}.Release|x64.ActiveCfg = Release|x64
		{76C89E68-D08E-411E-9392-B37A123E9930}.Release|x64.Build.0 = Release|x64
		{76C89E68-D08E-411E-9392-B37A123E9930}.Release|x86.ActiveCfg = Release|Win32
		{76C89E68-D08E-411E-9392-B37A123E9930}.Release|x86.Build.0 = Release|Win32
		{160FECF0-0720-4A7D-8E3C-6C0301CFE95D}.Debug|x64.ActiveCfg = Debug|x64
		{160FECF0-0720-4A7D-8E3C-6C0301CFE95D}.Debug|x64.Build.0 = Debug|x64
		{160FECF0-0720-4A7D-8E3C-6C0301CFE95D}.Debug|x86.ActiveCfg = Debug|Win32
		{160FECF0-0720-4A7D-8E3C-6C0301CFE95D}.Debug|x86.Build.0 = Debug|Win32
		{160FECF0-0720-4A7D-8E3C-6C0301CFE95D}.Release|x64.ActiveCfg = Release|x64
		{160FECF0-0720-4A7D-8E3C-6C0301CFE95D}.Release|x64.Build.0 = Release|x64
		{160FECF0-0720-4A7D-8E3C-6C0301CFE95D}.Release|x86.ActiveCfg = Release|Win32
		{160FECF0-0720-4A7D-8E3C-6C0301CFE95D}.Release|x86.Build.0 = Release|Win32
	EndGlobalSection
	GlobalSection(SolutionProperties) = preSolution
		HideSolutionNode = FALSE
	EndGlobalSection
	GlobalSection(ExtensibilityGlobals) = postSolution
		SolutionGuid = {70FD6797-8CA0-4A02-8BDB-D8A97CF7F840}
	EndGlobalSection
EndGlobal
